
Microsoft Visual Studio Solution File, Format Version 12.00
# Visual Studio Version 17
VisualStudioVersion = 17.5.002.0
MinimumVisualStudioVersion = 10.0.40219.1
Project("{9A19103F-16F7-4668-BE54-9A1E7A4F7556}") = "IP03", "IP03\IP03.csproj", "{DF78CC8C-3555-4DA5-974D-A88412A39FC8}"
EndProject
Project("{2150E333-8FDC-42A3-9474-1A3956D46DE8}") = "IP01", "IP01", "{1B56CA32-DFF9-4CF3-8C2C-F04CF2547353}"
EndProject
Project("{9A19103F-16F7-4668-BE54-9A1E7A4F7556}") = "questoes3a8", "IP01\questoes3a8\questoes3a8.csproj", "{F8482538-11DC-46E2-B9F2-D847350EF6B0}"
EndProject
Project("{2150E333-8FDC-42A3-9474-1A3956D46DE8}") = "Semana2", "Semana2", "{D12384CA-5359-44F8-9239-61F2F0C3E9B6}"
EndProject
Project("{9A19103F-16F7-4668-BE54-9A1E7A4F7556}") = "Projeto2", "Semana2\Projeto2\Projeto2.csproj", "{14A1FD12-5445-43FD-98ED-CB4434AC23CD}"
EndProject
Project("{2150E333-8FDC-42A3-9474-1A3956D46DE8}") = "Semana3", "Semana3", "{40B721A2-5CBF-4BB8-BDDA-A5EF75C3D3DB}"
EndProject
Project("{9A19103F-16F7-4668-BE54-9A1E7A4F7556}") = "ExemplosAula", "Semana3\ExemplosAula\ExemplosAula.csproj", "{00A5F05A-E99B-4BF3-A749-AC7A7A00CC3E}"
EndProject
Project("{2150E333-8FDC-42A3-9474-1A3956D46DE8}") = "Semana1", "Semana1", "{47A3AC72-5CAB-4AF7-912D-CF5EBB7852E4}"
EndProject
Project("{9A19103F-16F7-4668-BE54-9A1E7A4F7556}") = "Projeto1", "Semana1\Projeto1\Projeto1.csproj", "{D2F26C54-0EFB-4EAD-AFB4-8B551D9243D7}"
EndProject
Project("{2150E333-8FDC-42A3-9474-1A3956D46DE8}") = "Semana4", "Semana4", "{94CC3FAE-5136-4BB1-8123-FBB09D4C3776}"
EndProject
Project("{2150E333-8FDC-42A3-9474-1A3956D46DE8}") = "ExerciciosAula", "ExerciciosAula", "{54646D15-266B-4A95-B96A-0EDC9FD0BFDD}"
EndProject
Project("{FAE04EC0-301F-11D3-BF4B-00C04F79EFBC}") = "ExerciciosAula", "Semana4\ExerciciosAula\ExerciciosAula\ExerciciosAula.csproj", "{B102E542-F32B-43A4-9355-2765CEEC2A57}"
EndProject
Global
	GlobalSection(SolutionConfigurationPlatforms) = preSolution
		Debug|Any CPU = Debug|Any CPU
		Release|Any CPU = Release|Any CPU
	EndGlobalSection
	GlobalSection(ProjectConfigurationPlatforms) = postSolution
		{DF78CC8C-3555-4DA5-974D-A88412A39FC8}.Debug|Any CPU.ActiveCfg = Debug|Any CPU
		{DF78CC8C-3555-4DA5-974D-A88412A39FC8}.Debug|Any CPU.Build.0 = Debug|Any CPU
		{DF78CC8C-3555-4DA5-974D-A88412A39FC8}.Release|Any CPU.ActiveCfg = Release|Any CPU
		{DF78CC8C-3555-4DA5-974D-A88412A39FC8}.Release|Any CPU.Build.0 = Release|Any CPU
		{F8482538-11DC-46E2-B9F2-D847350EF6B0}.Debug|Any CPU.ActiveCfg = Debug|Any CPU
		{F8482538-11DC-46E2-B9F2-D847350EF6B0}.Debug|Any CPU.Build.0 = Debug|Any CPU
		{F8482538-11DC-46E2-B9F2-D847350EF6B0}.Release|Any CPU.ActiveCfg = Release|Any CPU
		{F8482538-11DC-46E2-B9F2-D847350EF6B0}.Release|Any CPU.Build.0 = Release|Any CPU
		{14A1FD12-5445-43FD-98ED-CB4434AC23CD}.Debug|Any CPU.ActiveCfg = Debug|Any CPU
		{14A1FD12-5445-43FD-98ED-CB4434AC23CD}.Debug|Any CPU.Build.0 = Debug|Any CPU
		{14A1FD12-5445-43FD-98ED-CB4434AC23CD}.Release|Any CPU.ActiveCfg = Release|Any CPU
		{14A1FD12-5445-43FD-98ED-CB4434AC23CD}.Release|Any CPU.Build.0 = Release|Any CPU
		{00A5F05A-E99B-4BF3-A749-AC7A7A00CC3E}.Debug|Any CPU.ActiveCfg = Debug|Any CPU
		{00A5F05A-E99B-4BF3-A749-AC7A7A00CC3E}.Debug|Any CPU.Build.0 = Debug|Any CPU
		{00A5F05A-E99B-4BF3-A749-AC7A7A00CC3E}.Release|Any CPU.ActiveCfg = Release|Any CPU
		{00A5F05A-E99B-4BF3-A749-AC7A7A00CC3E}.Release|Any CPU.Build.0 = Release|Any CPU
		{D2F26C54-0EFB-4EAD-AFB4-8B551D9243D7}.Debug|Any CPU.ActiveCfg = Debug|Any CPU
		{D2F26C54-0EFB-4EAD-AFB4-8B551D9243D7}.Debug|Any CPU.Build.0 = Debug|Any CPU
		{D2F26C54-0EFB-4EAD-AFB4-8B551D9243D7}.Release|Any CPU.ActiveCfg = Release|Any CPU
		{D2F26C54-0EFB-4EAD-AFB4-8B551D9243D7}.Release|Any CPU.Build.0 = Release|Any CPU
		{B102E542-F32B-43A4-9355-2765CEEC2A57}.Debug|Any CPU.ActiveCfg = Debug|Any CPU
		{B102E542-F32B-43A4-9355-2765CEEC2A57}.Debug|Any CPU.Build.0 = Debug|Any CPU
		{B102E542-F32B-43A4-9355-2765CEEC2A57}.Release|Any CPU.ActiveCfg = Release|Any CPU
		{B102E542-F32B-43A4-9355-2765CEEC2A57}.Release|Any CPU.Build.0 = Release|Any CPU
	EndGlobalSection
	GlobalSection(SolutionProperties) = preSolution
		HideSolutionNode = FALSE
	EndGlobalSection
	GlobalSection(NestedProjects) = preSolution
		{F8482538-11DC-46E2-B9F2-D847350EF6B0} = {1B56CA32-DFF9-4CF3-8C2C-F04CF2547353}
		{14A1FD12-5445-43FD-98ED-CB4434AC23CD} = {D12384CA-5359-44F8-9239-61F2F0C3E9B6}
		{00A5F05A-E99B-4BF3-A749-AC7A7A00CC3E} = {40B721A2-5CBF-4BB8-BDDA-A5EF75C3D3DB}
		{D2F26C54-0EFB-4EAD-AFB4-8B551D9243D7} = {47A3AC72-5CAB-4AF7-912D-CF5EBB7852E4}
		{54646D15-266B-4A95-B96A-0EDC9FD0BFDD} = {94CC3FAE-5136-4BB1-8123-FBB09D4C3776}
		{B102E542-F32B-43A4-9355-2765CEEC2A57} = {54646D15-266B-4A95-B96A-0EDC9FD0BFDD}
	EndGlobalSection
	GlobalSection(ExtensibilityGlobals) = postSolution
		SolutionGuid = {66449ACA-2BB2-4E83-A492-42F7975E15F2}
	EndGlobalSection
EndGlobal
