
Microsoft Visual Studio Solution File, Format Version 12.00
# Visual Studio Version 17
VisualStudioVersion = 17.5.002.0
MinimumVisualStudioVersion = 10.0.40219.1
Project("{2150E333-8FDC-42A3-9474-1A3956D46DE8}") = "Semana2", "Semana2", "{D6CE720D-9D6F-4F77-9910-B1D97A396DF2}"
EndProject
Project("{9A19103F-16F7-4668-BE54-9A1E7A4F7556}") = "Projeto2", "Semana2\Projeto2\Projeto2.csproj", "{1F3BC548-1833-4F74-B621-AB4EC5F0A53C}"
EndProject
Project("{2150E333-8FDC-42A3-9474-1A3956D46DE8}") = "IP01", "IP01", "{CA2F8A9B-8A04-4A7A-BCFE-C40DB5BF432F}"
EndProject
Project("{9A19103F-16F7-4668-BE54-9A1E7A4F7556}") = "questoes3a8", "IP01\questoes3a8\questoes3a8.csproj", "{184D2ED6-1F72-4FCA-A26F-A626BCCB2229}"
EndProject
Project("{2150E333-8FDC-42A3-9474-1A3956D46DE8}") = "Semana1", "Semana1", "{90E09EE5-D965-489E-BB86-E3FAD2914ECE}"
EndProject
Project("{9A19103F-16F7-4668-BE54-9A1E7A4F7556}") = "Projeto1", "Semana1\Projeto1\Projeto1.csproj", "{3C4EDC92-3174-47C5-9497-498E3B7855A7}"
EndProject
Project("{FAE04EC0-301F-11D3-BF4B-00C04F79EFBC}") = "IP02", "IP02\IP02.csproj", "{5FAFACB6-84C3-4782-B2F7-54607E3C80D5}"
EndProject
Project("{2150E333-8FDC-42A3-9474-1A3956D46DE8}") = "Semana3", "Semana3", "{64E281F0-C4E6-46EA-8F7E-81050F9C4196}"
EndProject
Project("{FAE04EC0-301F-11D3-BF4B-00C04F79EFBC}") = "ExemplosAula", "Semana3\ExemplosAula\ExemplosAula.csproj", "{27AC337E-97D2-4F0B-992A-438707EA3688}"
EndProject
Global
	GlobalSection(SolutionConfigurationPlatforms) = preSolution
		Debug|Any CPU = Debug|Any CPU
		Release|Any CPU = Release|Any CPU
	EndGlobalSection
	GlobalSection(ProjectConfigurationPlatforms) = postSolution
		{1F3BC548-1833-4F74-B621-AB4EC5F0A53C}.Debug|Any CPU.ActiveCfg = Debug|Any CPU
		{1F3BC548-1833-4F74-B621-AB4EC5F0A53C}.Debug|Any CPU.Build.0 = Debug|Any CPU
		{1F3BC548-1833-4F74-B621-AB4EC5F0A53C}.Release|Any CPU.ActiveCfg = Release|Any CPU
		{1F3BC548-1833-4F74-B621-AB4EC5F0A53C}.Release|Any CPU.Build.0 = Release|Any CPU
		{184D2ED6-1F72-4FCA-A26F-A626BCCB2229}.Debug|Any CPU.ActiveCfg = Debug|Any CPU
		{184D2ED6-1F72-4FCA-A26F-A626BCCB2229}.Debug|Any CPU.Build.0 = Debug|Any CPU
		{184D2ED6-1F72-4FCA-A26F-A626BCCB2229}.Release|Any CPU.ActiveCfg = Release|Any CPU
		{184D2ED6-1F72-4FCA-A26F-A626BCCB2229}.Release|Any CPU.Build.0 = Release|Any CPU
		{3C4EDC92-3174-47C5-9497-498E3B7855A7}.Debug|Any CPU.ActiveCfg = Debug|Any CPU
		{3C4EDC92-3174-47C5-9497-498E3B7855A7}.Debug|Any CPU.Build.0 = Debug|Any CPU
		{3C4EDC92-3174-47C5-9497-498E3B7855A7}.Release|Any CPU.ActiveCfg = Release|Any CPU
		{3C4EDC92-3174-47C5-9497-498E3B7855A7}.Release|Any CPU.Build.0 = Release|Any CPU
		{5FAFACB6-84C3-4782-B2F7-54607E3C80D5}.Debug|Any CPU.ActiveCfg = Debug|Any CPU
		{5FAFACB6-84C3-4782-B2F7-54607E3C80D5}.Debug|Any CPU.Build.0 = Debug|Any CPU
		{5FAFACB6-84C3-4782-B2F7-54607E3C80D5}.Release|Any CPU.ActiveCfg = Release|Any CPU
		{5FAFACB6-84C3-4782-B2F7-54607E3C80D5}.Release|Any CPU.Build.0 = Release|Any CPU
		{27AC337E-97D2-4F0B-992A-438707EA3688}.Debug|Any CPU.ActiveCfg = Debug|Any CPU
		{27AC337E-97D2-4F0B-992A-438707EA3688}.Debug|Any CPU.Build.0 = Debug|Any CPU
		{27AC337E-97D2-4F0B-992A-438707EA3688}.Release|Any CPU.ActiveCfg = Release|Any CPU
		{27AC337E-97D2-4F0B-992A-438707EA3688}.Release|Any CPU.Build.0 = Release|Any CPU
	EndGlobalSection
	GlobalSection(SolutionProperties) = preSolution
		HideSolutionNode = FALSE
	EndGlobalSection
	GlobalSection(NestedProjects) = preSolution
		{1F3BC548-1833-4F74-B621-AB4EC5F0A53C} = {D6CE720D-9D6F-4F77-9910-B1D97A396DF2}
		{184D2ED6-1F72-4FCA-A26F-A626BCCB2229} = {CA2F8A9B-8A04-4A7A-BCFE-C40DB5BF432F}
		{3C4EDC92-3174-47C5-9497-498E3B7855A7} = {90E09EE5-D965-489E-BB86-E3FAD2914ECE}
		{27AC337E-97D2-4F0B-992A-438707EA3688} = {64E281F0-C4E6-46EA-8F7E-81050F9C4196}
	EndGlobalSection
	GlobalSection(ExtensibilityGlobals) = postSolution
		SolutionGuid = {67220F22-19B0-4EBF-8F9A-420522D9B44E}
	EndGlobalSection
EndGlobal
